// !$*UTF8*$!
{
	archiveVersion = 1;
	classes = {
	};
	objectVersion = 56;
	objects = {

/* Begin PBXBuildFile section */
		847EBE6929A3E4010061FAC5 /* AppDelegate.swift in Sources */ = {isa = PBXBuildFile; fileRef = 847EBE6829A3E4010061FAC5 /* AppDelegate.swift */; };
		847EBE6B29A3E4010061FAC5 /* SceneDelegate.swift in Sources */ = {isa = PBXBuildFile; fileRef = 847EBE6A29A3E4010061FAC5 /* SceneDelegate.swift */; };
		847EBE6D29A3E4010061FAC5 /* MainViewController.swift in Sources */ = {isa = PBXBuildFile; fileRef = 847EBE6C29A3E4010061FAC5 /* MainViewController.swift */; };
		847EBE7229A3E4030061FAC5 /* Assets.xcassets in Resources */ = {isa = PBXBuildFile; fileRef = 847EBE7129A3E4030061FAC5 /* Assets.xcassets */; };
		847EBE7529A3E4030061FAC5 /* LaunchScreen.storyboard in Resources */ = {isa = PBXBuildFile; fileRef = 847EBE7329A3E4030061FAC5 /* LaunchScreen.storyboard */; };
		847EBE9929A3E41F0061FAC5 /* Comment.swift in Sources */ = {isa = PBXBuildFile; fileRef = 847EBE9829A3E41F0061FAC5 /* Comment.swift */; };
		847EBE9B29A3E44B0061FAC5 /* MainPresenter.swift in Sources */ = {isa = PBXBuildFile; fileRef = 847EBE9A29A3E44B0061FAC5 /* MainPresenter.swift */; };
		847EBE9D29A3E71E0061FAC5 /* Main.storyboard in Resources */ = {isa = PBXBuildFile; fileRef = 847EBE9C29A3E71E0061FAC5 /* Main.storyboard */; };
		847EBEA529A3E78A0061FAC5 /* MainViewController.xib in Resources */ = {isa = PBXBuildFile; fileRef = 847EBEA429A3E78A0061FAC5 /* MainViewController.xib */; };
		847EBEA729A3E82A0061FAC5 /* AssemblyModuleBuilder.swift in Sources */ = {isa = PBXBuildFile; fileRef = 847EBEA629A3E82A0061FAC5 /* AssemblyModuleBuilder.swift */; };
		847EBECF29A4CDBA0061FAC5 /* MVP_Level_OneTests.swift in Sources */ = {isa = PBXBuildFile; fileRef = 847EBECE29A4CDBA0061FAC5 /* MVP_Level_OneTests.swift */; };
		847EBED529A4CDCE0061FAC5 /* ViewPresenterTest.swift in Sources */ = {isa = PBXBuildFile; fileRef = 847EBEAE29A4CD110061FAC5 /* ViewPresenterTest.swift */; };
		847EBED829A4E6FE0061FAC5 /* NetworkService.swift in Sources */ = {isa = PBXBuildFile; fileRef = 847EBED729A4E6FD0061FAC5 /* NetworkService.swift */; };
		847EBEDB29A4EEAE0061FAC5 /* DetailPresenter.swift in Sources */ = {isa = PBXBuildFile; fileRef = 847EBEDA29A4EEAE0061FAC5 /* DetailPresenter.swift */; };
		847EBEE029A4F5450061FAC5 /* DetailViewController.swift in Sources */ = {isa = PBXBuildFile; fileRef = 847EBEDE29A4F5450061FAC5 /* DetailViewController.swift */; };
		847EBEE429A4F61D0061FAC5 /* DetailView.xib in Resources */ = {isa = PBXBuildFile; fileRef = 847EBEE329A4F61D0061FAC5 /* DetailView.xib */; };
		847EBEE629A504FE0061FAC5 /* Router.swift in Sources */ = {isa = PBXBuildFile; fileRef = 847EBEE529A504FE0061FAC5 /* Router.swift */; };
/* End PBXBuildFile section */

/* Begin PBXContainerItemProxy section */
		847EBED029A4CDBB0061FAC5 /* PBXContainerItemProxy */ = {
			isa = PBXContainerItemProxy;
			containerPortal = 847EBE5D29A3E4010061FAC5 /* Project object */;
			proxyType = 1;
			remoteGlobalIDString = 847EBE6429A3E4010061FAC5;
			remoteInfo = "MVP - Level One";
		};
/* End PBXContainerItemProxy section */

/* Begin PBXFileReference section */
		847EBE6529A3E4010061FAC5 /* MVP-Level One.app */ = {isa = PBXFileReference; explicitFileType = wrapper.application; includeInIndex = 0; path = "MVP-Level One.app"; sourceTree = BUILT_PRODUCTS_DIR; };
		847EBE6829A3E4010061FAC5 /* AppDelegate.swift */ = {isa = PBXFileReference; lastKnownFileType = sourcecode.swift; path = AppDelegate.swift; sourceTree = "<group>"; };
		847EBE6A29A3E4010061FAC5 /* SceneDelegate.swift */ = {isa = PBXFileReference; lastKnownFileType = sourcecode.swift; path = SceneDelegate.swift; sourceTree = "<group>"; };
		847EBE6C29A3E4010061FAC5 /* MainViewController.swift */ = {isa = PBXFileReference; lastKnownFileType = sourcecode.swift; path = MainViewController.swift; sourceTree = "<group>"; };
		847EBE7129A3E4030061FAC5 /* Assets.xcassets */ = {isa = PBXFileReference; lastKnownFileType = folder.assetcatalog; path = Assets.xcassets; sourceTree = "<group>"; };
		847EBE7429A3E4030061FAC5 /* Base */ = {isa = PBXFileReference; lastKnownFileType = file.storyboard; name = Base; path = Base.lproj/LaunchScreen.storyboard; sourceTree = "<group>"; };
		847EBE7629A3E4030061FAC5 /* Info.plist */ = {isa = PBXFileReference; lastKnownFileType = text.plist.xml; path = Info.plist; sourceTree = "<group>"; };
		847EBE9829A3E41F0061FAC5 /* Comment.swift */ = {isa = PBXFileReference; lastKnownFileType = sourcecode.swift; path = Comment.swift; sourceTree = "<group>"; };
		847EBE9A29A3E44B0061FAC5 /* MainPresenter.swift */ = {isa = PBXFileReference; lastKnownFileType = sourcecode.swift; path = MainPresenter.swift; sourceTree = "<group>"; };
		847EBE9C29A3E71E0061FAC5 /* Main.storyboard */ = {isa = PBXFileReference; lastKnownFileType = file.storyboard; path = Main.storyboard; sourceTree = "<group>"; };
		847EBEA429A3E78A0061FAC5 /* MainViewController.xib */ = {isa = PBXFileReference; lastKnownFileType = file.xib; path = MainViewController.xib; sourceTree = "<group>"; };
		847EBEA629A3E82A0061FAC5 /* AssemblyModuleBuilder.swift */ = {isa = PBXFileReference; lastKnownFileType = sourcecode.swift; path = AssemblyModuleBuilder.swift; sourceTree = "<group>"; };
		847EBEAE29A4CD110061FAC5 /* ViewPresenterTest.swift */ = {isa = PBXFileReference; lastKnownFileType = sourcecode.swift; path = ViewPresenterTest.swift; sourceTree = "<group>"; };
		847EBECC29A4CDBA0061FAC5 /* MVP_Level_OneTests.xctest */ = {isa = PBXFileReference; explicitFileType = wrapper.cfbundle; includeInIndex = 0; path = MVP_Level_OneTests.xctest; sourceTree = BUILT_PRODUCTS_DIR; };
		847EBECE29A4CDBA0061FAC5 /* MVP_Level_OneTests.swift */ = {isa = PBXFileReference; lastKnownFileType = sourcecode.swift; path = MVP_Level_OneTests.swift; sourceTree = "<group>"; };
		847EBED729A4E6FD0061FAC5 /* NetworkService.swift */ = {isa = PBXFileReference; lastKnownFileType = sourcecode.swift; path = NetworkService.swift; sourceTree = "<group>"; };
		847EBEDA29A4EEAE0061FAC5 /* DetailPresenter.swift */ = {isa = PBXFileReference; lastKnownFileType = sourcecode.swift; path = DetailPresenter.swift; sourceTree = "<group>"; };
		847EBEDE29A4F5450061FAC5 /* DetailViewController.swift */ = {isa = PBXFileReference; lastKnownFileType = sourcecode.swift; path = DetailViewController.swift; sourceTree = "<group>"; };
		847EBEE329A4F61D0061FAC5 /* DetailView.xib */ = {isa = PBXFileReference; lastKnownFileType = file.xib; path = DetailView.xib; sourceTree = "<group>"; };
		847EBEE529A504FE0061FAC5 /* Router.swift */ = {isa = PBXFileReference; lastKnownFileType = sourcecode.swift; path = Router.swift; sourceTree = "<group>"; };
/* End PBXFileReference section */

/* Begin PBXFrameworksBuildPhase section */
		847EBE6229A3E4010061FAC5 /* Frameworks */ = {
			isa = PBXFrameworksBuildPhase;
			buildActionMask = 2147483647;
			files = (
			);
			runOnlyForDeploymentPostprocessing = 0;
		};
		847EBEC929A4CDBA0061FAC5 /* Frameworks */ = {
			isa = PBXFrameworksBuildPhase;
			buildActionMask = 2147483647;
			files = (
			);
			runOnlyForDeploymentPostprocessing = 0;
		};
/* End PBXFrameworksBuildPhase section */

/* Begin PBXGroup section */
		847EBE5C29A3E4010061FAC5 = {
			isa = PBXGroup;
			children = (
				847EBE6729A3E4010061FAC5 /* MVP-Level One */,
				847EBECD29A4CDBA0061FAC5 /* MVP_Level_OneTests */,
				847EBE6629A3E4010061FAC5 /* Products */,
			);
			sourceTree = "<group>";
		};
		847EBE6629A3E4010061FAC5 /* Products */ = {
			isa = PBXGroup;
			children = (
				847EBE6529A3E4010061FAC5 /* MVP-Level One.app */,
				847EBECC29A4CDBA0061FAC5 /* MVP_Level_OneTests.xctest */,
			);
			name = Products;
			sourceTree = "<group>";
		};
		847EBE6729A3E4010061FAC5 /* MVP-Level One */ = {
			isa = PBXGroup;
			children = (
				847EBE6829A3E4010061FAC5 /* AppDelegate.swift */,
				847EBE6A29A3E4010061FAC5 /* SceneDelegate.swift */,
				847EBEE529A504FE0061FAC5 /* Router.swift */,
				847EBEA629A3E82A0061FAC5 /* AssemblyModuleBuilder.swift */,
				847EBEDD29A4F5010061FAC5 /* DetailModule */,
				847EBE9E29A3E7340061FAC5 /* MainModule */,
				847EBED929A4E71C0061FAC5 /* ServiceLayer */,
				847EBE9C29A3E71E0061FAC5 /* Main.storyboard */,
				847EBE7129A3E4030061FAC5 /* Assets.xcassets */,
				847EBE7329A3E4030061FAC5 /* LaunchScreen.storyboard */,
				847EBE7629A3E4030061FAC5 /* Info.plist */,
			);
			path = "MVP-Level One";
			sourceTree = "<group>";
		};
		847EBE9E29A3E7340061FAC5 /* MainModule */ = {
			isa = PBXGroup;
			children = (
				847EBE9F29A3E7460061FAC5 /* View */,
				847EBEA129A3E7520061FAC5 /* Presenter */,
				847EBEA029A3E74D0061FAC5 /* Model */,
			);
			path = MainModule;
			sourceTree = "<group>";
		};
		847EBE9F29A3E7460061FAC5 /* View */ = {
			isa = PBXGroup;
			children = (
				847EBE6C29A3E4010061FAC5 /* MainViewController.swift */,
				847EBEA429A3E78A0061FAC5 /* MainViewController.xib */,
			);
			path = View;
			sourceTree = "<group>";
		};
		847EBEA029A3E74D0061FAC5 /* Model */ = {
			isa = PBXGroup;
			children = (
				847EBE9829A3E41F0061FAC5 /* Comment.swift */,
			);
			path = Model;
			sourceTree = "<group>";
		};
		847EBEA129A3E7520061FAC5 /* Presenter */ = {
			isa = PBXGroup;
			children = (
				847EBE9A29A3E44B0061FAC5 /* MainPresenter.swift */,
			);
			path = Presenter;
			sourceTree = "<group>";
		};
		847EBECD29A4CDBA0061FAC5 /* MVP_Level_OneTests */ = {
			isa = PBXGroup;
			children = (
				847EBED629A4CDE30061FAC5 /* TestMainModule */,
				847EBECE29A4CDBA0061FAC5 /* MVP_Level_OneTests.swift */,
			);
			path = MVP_Level_OneTests;
			sourceTree = "<group>";
		};
		847EBED629A4CDE30061FAC5 /* TestMainModule */ = {
			isa = PBXGroup;
			children = (
				847EBEAE29A4CD110061FAC5 /* ViewPresenterTest.swift */,
			);
			path = TestMainModule;
			sourceTree = "<group>";
		};
		847EBED929A4E71C0061FAC5 /* ServiceLayer */ = {
			isa = PBXGroup;
			children = (
				847EBED729A4E6FD0061FAC5 /* NetworkService.swift */,
			);
			path = ServiceLayer;
			sourceTree = "<group>";
		};
		847EBEDC29A4F4F00061FAC5 /* Presenter */ = {
			isa = PBXGroup;
			children = (
				847EBEDA29A4EEAE0061FAC5 /* DetailPresenter.swift */,
			);
			name = Presenter;
			path = ..;
			sourceTree = "<group>";
		};
		847EBEDD29A4F5010061FAC5 /* DetailModule */ = {
			isa = PBXGroup;
			children = (
				847EBEE229A4F5590061FAC5 /* View */,
				847EBEDC29A4F4F00061FAC5 /* Presenter */,
			);
			path = DetailModule;
			sourceTree = "<group>";
		};
		847EBEE229A4F5590061FAC5 /* View */ = {
			isa = PBXGroup;
			children = (
				847EBEDE29A4F5450061FAC5 /* DetailViewController.swift */,
				847EBEE329A4F61D0061FAC5 /* DetailView.xib */,
			);
			path = View;
			sourceTree = "<group>";
		};
/* End PBXGroup section */

/* Begin PBXNativeTarget section */
		847EBE6429A3E4010061FAC5 /* MVP-Level One */ = {
			isa = PBXNativeTarget;
			buildConfigurationList = 847EBE8F29A3E4030061FAC5 /* Build configuration list for PBXNativeTarget "MVP-Level One" */;
			buildPhases = (
				847EBE6129A3E4010061FAC5 /* Sources */,
				847EBE6229A3E4010061FAC5 /* Frameworks */,
				847EBE6329A3E4010061FAC5 /* Resources */,
			);
			buildRules = (
			);
			dependencies = (
			);
			name = "MVP-Level One";
			productName = "MVP - Level One";
			productReference = 847EBE6529A3E4010061FAC5 /* MVP-Level One.app */;
			productType = "com.apple.product-type.application";
		};
		847EBECB29A4CDBA0061FAC5 /* MVP_Level_OneTests */ = {
			isa = PBXNativeTarget;
			buildConfigurationList = 847EBED229A4CDBB0061FAC5 /* Build configuration list for PBXNativeTarget "MVP_Level_OneTests" */;
			buildPhases = (
				847EBEC829A4CDBA0061FAC5 /* Sources */,
				847EBEC929A4CDBA0061FAC5 /* Frameworks */,
				847EBECA29A4CDBA0061FAC5 /* Resources */,
			);
			buildRules = (
			);
			dependencies = (
				847EBED129A4CDBB0061FAC5 /* PBXTargetDependency */,
			);
			name = MVP_Level_OneTests;
			productName = MVP_Level_OneTests;
			productReference = 847EBECC29A4CDBA0061FAC5 /* MVP_Level_OneTests.xctest */;
			productType = "com.apple.product-type.bundle.unit-test";
		};
/* End PBXNativeTarget section */

/* Begin PBXProject section */
		847EBE5D29A3E4010061FAC5 /* Project object */ = {
			isa = PBXProject;
			attributes = {
				BuildIndependentTargetsInParallel = 1;
				LastSwiftUpdateCheck = 1420;
				LastUpgradeCheck = 1420;
				TargetAttributes = {
					847EBE6429A3E4010061FAC5 = {
						CreatedOnToolsVersion = 14.2;
					};
					847EBECB29A4CDBA0061FAC5 = {
						CreatedOnToolsVersion = 14.2;
						TestTargetID = 847EBE6429A3E4010061FAC5;
					};
				};
			};
			buildConfigurationList = 847EBE6029A3E4010061FAC5 /* Build configuration list for PBXProject "MVP-Level One" */;
			compatibilityVersion = "Xcode 14.0";
			developmentRegion = en;
			hasScannedForEncodings = 0;
			knownRegions = (
				en,
				Base,
			);
			mainGroup = 847EBE5C29A3E4010061FAC5;
			productRefGroup = 847EBE6629A3E4010061FAC5 /* Products */;
			projectDirPath = "";
			projectRoot = "";
			targets = (
				847EBE6429A3E4010061FAC5 /* MVP-Level One */,
				847EBECB29A4CDBA0061FAC5 /* MVP_Level_OneTests */,
			);
		};
/* End PBXProject section */

/* Begin PBXResourcesBuildPhase section */
		847EBE6329A3E4010061FAC5 /* Resources */ = {
			isa = PBXResourcesBuildPhase;
			buildActionMask = 2147483647;
			files = (
				847EBE9D29A3E71E0061FAC5 /* Main.storyboard in Resources */,
				847EBE7529A3E4030061FAC5 /* LaunchScreen.storyboard in Resources */,
				847EBE7229A3E4030061FAC5 /* Assets.xcassets in Resources */,
				847EBEA529A3E78A0061FAC5 /* MainViewController.xib in Resources */,
				847EBEE429A4F61D0061FAC5 /* DetailView.xib in Resources */,
			);
			runOnlyForDeploymentPostprocessing = 0;
		};
		847EBECA29A4CDBA0061FAC5 /* Resources */ = {
			isa = PBXResourcesBuildPhase;
			buildActionMask = 2147483647;
			files = (
			);
			runOnlyForDeploymentPostprocessing = 0;
		};
/* End PBXResourcesBuildPhase section */

/* Begin PBXSourcesBuildPhase section */
		847EBE6129A3E4010061FAC5 /* Sources */ = {
			isa = PBXSourcesBuildPhase;
			buildActionMask = 2147483647;
			files = (
				847EBEE029A4F5450061FAC5 /* DetailViewController.swift in Sources */,
				847EBE9B29A3E44B0061FAC5 /* MainPresenter.swift in Sources */,
				847EBEE629A504FE0061FAC5 /* Router.swift in Sources */,
				847EBE6D29A3E4010061FAC5 /* MainViewController.swift in Sources */,
				847EBE6929A3E4010061FAC5 /* AppDelegate.swift in Sources */,
				847EBEDB29A4EEAE0061FAC5 /* DetailPresenter.swift in Sources */,
				847EBE9929A3E41F0061FAC5 /* Comment.swift in Sources */,
				847EBE6B29A3E4010061FAC5 /* SceneDelegate.swift in Sources */,
				847EBEA729A3E82A0061FAC5 /* AssemblyModuleBuilder.swift in Sources */,
				847EBED829A4E6FE0061FAC5 /* NetworkService.swift in Sources */,
			);
			runOnlyForDeploymentPostprocessing = 0;
		};
		847EBEC829A4CDBA0061FAC5 /* Sources */ = {
			isa = PBXSourcesBuildPhase;
			buildActionMask = 2147483647;
			files = (
				847EBECF29A4CDBA0061FAC5 /* MVP_Level_OneTests.swift in Sources */,
				847EBED529A4CDCE0061FAC5 /* ViewPresenterTest.swift in Sources */,
			);
			runOnlyForDeploymentPostprocessing = 0;
		};
/* End PBXSourcesBuildPhase section */

/* Begin PBXTargetDependency section */
		847EBED129A4CDBB0061FAC5 /* PBXTargetDependency */ = {
			isa = PBXTargetDependency;
			target = 847EBE6429A3E4010061FAC5 /* MVP-Level One */;
			targetProxy = 847EBED029A4CDBB0061FAC5 /* PBXContainerItemProxy */;
		};
/* End PBXTargetDependency section */

/* Begin PBXVariantGroup section */
		847EBE7329A3E4030061FAC5 /* LaunchScreen.storyboard */ = {
			isa = PBXVariantGroup;
			children = (
				847EBE7429A3E4030061FAC5 /* Base */,
			);
			name = LaunchScreen.storyboard;
			sourceTree = "<group>";
		};
/* End PBXVariantGroup section */

/* Begin XCBuildConfiguration section */
		847EBE8D29A3E4030061FAC5 /* Debug */ = {
			isa = XCBuildConfiguration;
			buildSettings = {
				ALWAYS_SEARCH_USER_PATHS = NO;
				CLANG_ANALYZER_NONNULL = YES;
				CLANG_ANALYZER_NUMBER_OBJECT_CONVERSION = YES_AGGRESSIVE;
				CLANG_CXX_LANGUAGE_STANDARD = "gnu++20";
				CLANG_ENABLE_MODULES = YES;
				CLANG_ENABLE_OBJC_ARC = YES;
				CLANG_ENABLE_OBJC_WEAK = YES;
				CLANG_OPTIMIZATION_PROFILE_FILE = "$(SRCROOT)/OptimizationProfiles/MVP-Level One.profdata";
				CLANG_WARN_BLOCK_CAPTURE_AUTORELEASING = YES;
				CLANG_WARN_BOOL_CONVERSION = YES;
				CLANG_WARN_COMMA = YES;
				CLANG_WARN_CONSTANT_CONVERSION = YES;
				CLANG_WARN_DEPRECATED_OBJC_IMPLEMENTATIONS = YES;
				CLANG_WARN_DIRECT_OBJC_ISA_USAGE = YES_ERROR;
				CLANG_WARN_DOCUMENTATION_COMMENTS = YES;
				CLANG_WARN_EMPTY_BODY = YES;
				CLANG_WARN_ENUM_CONVERSION = YES;
				CLANG_WARN_INFINITE_RECURSION = YES;
				CLANG_WARN_INT_CONVERSION = YES;
				CLANG_WARN_NON_LITERAL_NULL_CONVERSION = YES;
				CLANG_WARN_OBJC_IMPLICIT_RETAIN_SELF = YES;
				CLANG_WARN_OBJC_LITERAL_CONVERSION = YES;
				CLANG_WARN_OBJC_ROOT_CLASS = YES_ERROR;
				CLANG_WARN_QUOTED_INCLUDE_IN_FRAMEWORK_HEADER = YES;
				CLANG_WARN_RANGE_LOOP_ANALYSIS = YES;
				CLANG_WARN_STRICT_PROTOTYPES = YES;
				CLANG_WARN_SUSPICIOUS_MOVE = YES;
				CLANG_WARN_UNGUARDED_AVAILABILITY = YES_AGGRESSIVE;
				CLANG_WARN_UNREACHABLE_CODE = YES;
				CLANG_WARN__DUPLICATE_METHOD_MATCH = YES;
				COPY_PHASE_STRIP = NO;
				DEBUG_INFORMATION_FORMAT = dwarf;
				DSTROOT = "/tmp/MVP-Level One.dst";
				ENABLE_STRICT_OBJC_MSGSEND = YES;
				ENABLE_TESTABILITY = YES;
				GCC_C_LANGUAGE_STANDARD = gnu11;
				GCC_DYNAMIC_NO_PIC = NO;
				GCC_NO_COMMON_BLOCKS = YES;
				GCC_OPTIMIZATION_LEVEL = 0;
				GCC_PREPROCESSOR_DEFINITIONS = (
					"DEBUG=1",
					"$(inherited)",
				);
				GCC_WARN_64_TO_32_BIT_CONVERSION = YES;
				GCC_WARN_ABOUT_RETURN_TYPE = YES_ERROR;
				GCC_WARN_UNDECLARED_SELECTOR = YES;
				GCC_WARN_UNINITIALIZED_AUTOS = YES_AGGRESSIVE;
				GCC_WARN_UNUSED_FUNCTION = YES;
				GCC_WARN_UNUSED_VARIABLE = YES;
				IPHONEOS_DEPLOYMENT_TARGET = 16.2;
				MTL_ENABLE_DEBUG_INFO = INCLUDE_SOURCE;
				MTL_FAST_MATH = YES;
				ONLY_ACTIVE_ARCH = YES;
				SDKROOT = iphoneos;
				SWIFT_ACTIVE_COMPILATION_CONDITIONS = DEBUG;
				SWIFT_OPTIMIZATION_LEVEL = "-Onone";
			};
			name = Debug;
		};
		847EBE8E29A3E4030061FAC5 /* Release */ = {
			isa = XCBuildConfiguration;
			buildSettings = {
				ALWAYS_SEARCH_USER_PATHS = NO;
				CLANG_ANALYZER_NONNULL = YES;
				CLANG_ANALYZER_NUMBER_OBJECT_CONVERSION = YES_AGGRESSIVE;
				CLANG_CXX_LANGUAGE_STANDARD = "gnu++20";
				CLANG_ENABLE_MODULES = YES;
				CLANG_ENABLE_OBJC_ARC = YES;
				CLANG_ENABLE_OBJC_WEAK = YES;
				CLANG_OPTIMIZATION_PROFILE_FILE = "$(SRCROOT)/OptimizationProfiles/MVP-Level One.profdata";
				CLANG_WARN_BLOCK_CAPTURE_AUTORELEASING = YES;
				CLANG_WARN_BOOL_CONVERSION = YES;
				CLANG_WARN_COMMA = YES;
				CLANG_WARN_CONSTANT_CONVERSION = YES;
				CLANG_WARN_DEPRECATED_OBJC_IMPLEMENTATIONS = YES;
				CLANG_WARN_DIRECT_OBJC_ISA_USAGE = YES_ERROR;
				CLANG_WARN_DOCUMENTATION_COMMENTS = YES;
				CLANG_WARN_EMPTY_BODY = YES;
				CLANG_WARN_ENUM_CONVERSION = YES;
				CLANG_WARN_INFINITE_RECURSION = YES;
				CLANG_WARN_INT_CONVERSION = YES;
				CLANG_WARN_NON_LITERAL_NULL_CONVERSION = YES;
				CLANG_WARN_OBJC_IMPLICIT_RETAIN_SELF = YES;
				CLANG_WARN_OBJC_LITERAL_CONVERSION = YES;
				CLANG_WARN_OBJC_ROOT_CLASS = YES_ERROR;
				CLANG_WARN_QUOTED_INCLUDE_IN_FRAMEWORK_HEADER = YES;
				CLANG_WARN_RANGE_LOOP_ANALYSIS = YES;
				CLANG_WARN_STRICT_PROTOTYPES = YES;
				CLANG_WARN_SUSPICIOUS_MOVE = YES;
				CLANG_WARN_UNGUARDED_AVAILABILITY = YES_AGGRESSIVE;
				CLANG_WARN_UNREACHABLE_CODE = YES;
				CLANG_WARN__DUPLICATE_METHOD_MATCH = YES;
				COPY_PHASE_STRIP = NO;
				DEBUG_INFORMATION_FORMAT = "dwarf-with-dsym";
				DSTROOT = "/tmp/MVP-Level One.dst";
				ENABLE_NS_ASSERTIONS = NO;
				ENABLE_STRICT_OBJC_MSGSEND = YES;
				GCC_C_LANGUAGE_STANDARD = gnu11;
				GCC_NO_COMMON_BLOCKS = YES;
				GCC_WARN_64_TO_32_BIT_CONVERSION = YES;
				GCC_WARN_ABOUT_RETURN_TYPE = YES_ERROR;
				GCC_WARN_UNDECLARED_SELECTOR = YES;
				GCC_WARN_UNINITIALIZED_AUTOS = YES_AGGRESSIVE;
				GCC_WARN_UNUSED_FUNCTION = YES;
				GCC_WARN_UNUSED_VARIABLE = YES;
				IPHONEOS_DEPLOYMENT_TARGET = 16.2;
				MTL_ENABLE_DEBUG_INFO = NO;
				MTL_FAST_MATH = YES;
				SDKROOT = iphoneos;
				SWIFT_COMPILATION_MODE = wholemodule;
				SWIFT_OPTIMIZATION_LEVEL = "-O";
				VALIDATE_PRODUCT = YES;
			};
			name = Release;
		};
		847EBE9029A3E4030061FAC5 /* Debug */ = {
			isa = XCBuildConfiguration;
			buildSettings = {
				ASSETCATALOG_COMPILER_APPICON_NAME = AppIcon;
				ASSETCATALOG_COMPILER_GLOBAL_ACCENT_COLOR_NAME = AccentColor;
				CODE_SIGN_STYLE = Automatic;
				CURRENT_PROJECT_VERSION = 1;
				DEVELOPMENT_TEAM = 7AFA87CCA7;
				GENERATE_INFOPLIST_FILE = YES;
				INFOPLIST_FILE = "MVP-Level One/Info.plist";
				INFOPLIST_KEY_UIApplicationSupportsIndirectInputEvents = YES;
				INFOPLIST_KEY_UILaunchStoryboardName = LaunchScreen;
				INFOPLIST_KEY_UIMainStoryboardFile = Main;
				INFOPLIST_KEY_UISupportedInterfaceOrientations_iPad = "UIInterfaceOrientationPortrait UIInterfaceOrientationPortraitUpsideDown UIInterfaceOrientationLandscapeLeft UIInterfaceOrientationLandscapeRight";
				INFOPLIST_KEY_UISupportedInterfaceOrientations_iPhone = "UIInterfaceOrientationPortrait UIInterfaceOrientationLandscapeLeft UIInterfaceOrientationLandscapeRight";
				LD_RUNPATH_SEARCH_PATHS = (
					"$(inherited)",
					"@executable_path/Frameworks",
				);
				MARKETING_VERSION = 1.0;
				PRODUCT_BUNDLE_IDENTIFIER = "RI.MVP-Level-One";
				PRODUCT_NAME = "$(TARGET_NAME)";
				SWIFT_EMIT_LOC_STRINGS = YES;
				SWIFT_VERSION = 5.0;
				TARGETED_DEVICE_FAMILY = "1,2";
			};
			name = Debug;
		};
		847EBE9129A3E4030061FAC5 /* Release */ = {
			isa = XCBuildConfiguration;
			buildSettings = {
				ASSETCATALOG_COMPILER_APPICON_NAME = AppIcon;
				ASSETCATALOG_COMPILER_GLOBAL_ACCENT_COLOR_NAME = AccentColor;
				CODE_SIGN_STYLE = Automatic;
				CURRENT_PROJECT_VERSION = 1;
				DEVELOPMENT_TEAM = 7AFA87CCA7;
				GENERATE_INFOPLIST_FILE = YES;
				INFOPLIST_FILE = "MVP-Level One/Info.plist";
				INFOPLIST_KEY_UIApplicationSupportsIndirectInputEvents = YES;
				INFOPLIST_KEY_UILaunchStoryboardName = LaunchScreen;
				INFOPLIST_KEY_UIMainStoryboardFile = Main;
				INFOPLIST_KEY_UISupportedInterfaceOrientations_iPad = "UIInterfaceOrientationPortrait UIInterfaceOrientationPortraitUpsideDown UIInterfaceOrientationLandscapeLeft UIInterfaceOrientationLandscapeRight";
				INFOPLIST_KEY_UISupportedInterfaceOrientations_iPhone = "UIInterfaceOrientationPortrait UIInterfaceOrientationLandscapeLeft UIInterfaceOrientationLandscapeRight";
				LD_RUNPATH_SEARCH_PATHS = (
					"$(inherited)",
					"@executable_path/Frameworks",
				);
				MARKETING_VERSION = 1.0;
				PRODUCT_BUNDLE_IDENTIFIER = "RI.MVP-Level-One";
				PRODUCT_NAME = "$(TARGET_NAME)";
				SWIFT_EMIT_LOC_STRINGS = YES;
				SWIFT_VERSION = 5.0;
				TARGETED_DEVICE_FAMILY = "1,2";
			};
			name = Release;
		};
		847EBED329A4CDBB0061FAC5 /* Debug */ = {
			isa = XCBuildConfiguration;
			buildSettings = {
				BUNDLE_LOADER = "$(TEST_HOST)";
				CODE_SIGN_STYLE = Automatic;
				CURRENT_PROJECT_VERSION = 1;
				DEVELOPMENT_TEAM = 7AFA87CCA7;
				GENERATE_INFOPLIST_FILE = YES;
				MARKETING_VERSION = 1.0;
				PRODUCT_BUNDLE_IDENTIFIER = "RI.MVP-Level-OneTests";
				PRODUCT_NAME = "$(TARGET_NAME)";
				SWIFT_EMIT_LOC_STRINGS = NO;
				SWIFT_VERSION = 5.0;
				TARGETED_DEVICE_FAMILY = "1,2";
				TEST_HOST = "$(BUILT_PRODUCTS_DIR)/MVP-Level One.app/$(BUNDLE_EXECUTABLE_FOLDER_PATH)/MVP-Level One";
			};
			name = Debug;
		};
		847EBED429A4CDBB0061FAC5 /* Release */ = {
			isa = XCBuildConfiguration;
			buildSettings = {
				BUNDLE_LOADER = "$(TEST_HOST)";
				CODE_SIGN_STYLE = Automatic;
				CURRENT_PROJECT_VERSION = 1;
				DEVELOPMENT_TEAM = 7AFA87CCA7;
				GENERATE_INFOPLIST_FILE = YES;
				MARKETING_VERSION = 1.0;
				PRODUCT_BUNDLE_IDENTIFIER = "RI.MVP-Level-OneTests";
				PRODUCT_NAME = "$(TARGET_NAME)";
				SWIFT_EMIT_LOC_STRINGS = NO;
				SWIFT_VERSION = 5.0;
				TARGETED_DEVICE_FAMILY = "1,2";
				TEST_HOST = "$(BUILT_PRODUCTS_DIR)/MVP-Level One.app/$(BUNDLE_EXECUTABLE_FOLDER_PATH)/MVP-Level One";
			};
			name = Release;
		};
/* End XCBuildConfiguration section */

/* Begin XCConfigurationList section */
		847EBE6029A3E4010061FAC5 /* Build configuration list for PBXProject "MVP-Level One" */ = {
			isa = XCConfigurationList;
			buildConfigurations = (
				847EBE8D29A3E4030061FAC5 /* Debug */,
				847EBE8E29A3E4030061FAC5 /* Release */,
			);
			defaultConfigurationIsVisible = 0;
			defaultConfigurationName = Release;
		};
		847EBE8F29A3E4030061FAC5 /* Build configuration list for PBXNativeTarget "MVP-Level One" */ = {
			isa = XCConfigurationList;
			buildConfigurations = (
				847EBE9029A3E4030061FAC5 /* Debug */,
				847EBE9129A3E4030061FAC5 /* Release */,
			);
			defaultConfigurationIsVisible = 0;
			defaultConfigurationName = Release;
		};
		847EBED229A4CDBB0061FAC5 /* Build configuration list for PBXNativeTarget "MVP_Level_OneTests" */ = {
			isa = XCConfigurationList;
			buildConfigurations = (
				847EBED329A4CDBB0061FAC5 /* Debug */,
				847EBED429A4CDBB0061FAC5 /* Release */,
			);
			defaultConfigurationIsVisible = 0;
			defaultConfigurationName = Release;
		};
/* End XCConfigurationList section */
	};
	rootObject = 847EBE5D29A3E4010061FAC5 /* Project object */;
}
